
Microsoft Visual Studio Solution File, Format Version 12.00
# Visual Studio Version 17
VisualStudioVersion = 17.3.32922.545
MinimumVisualStudioVersion = 10.0.40219.1
Project("{9A19103F-16F7-4668-BE54-9A1E7A4F7556}") = "Hola.Api", "Hola.Api\Hola.Api.csproj", "{120434E6-6698-444E-B658-241450200F2E}"
EndProject
Project("{9A19103F-16F7-4668-BE54-9A1E7A4F7556}") = "Hola.Core", "Hola.Core\Hola.Core.csproj", "{D1F30AEA-6A0B-4CCE-A4EA-2BAB53341E03}"
EndProject
Project("{9A19103F-16F7-4668-BE54-9A1E7A4F7556}") = "Hola.GoogleCloudStorage", "Hola.GoogleCloudStorage\Hola.GoogleCloudStorage.csproj", "{D96C4AE9-12EC-4849-A82E-D12CE079BDD4}"
EndProject
Project("{9A19103F-16F7-4668-BE54-9A1E7A4F7556}") = "DatabaseCore.Domain", "DatabaseCore.Domain\DatabaseCore.Domain.csproj", "{2CAD2823-BB68-4FC6-9D89-01F03A7E1DFE}"
EndProject
Project("{9A19103F-16F7-4668-BE54-9A1E7A4F7556}") = "DatabaseCore.Infrastructure", "DatabaseCore.Infrastructure\DatabaseCore.Infrastructure.csproj", "{1DF72863-A0AD-49DF-B41C-D0AB596FE8E8}"
EndProject
Project("{2150E333-8FDC-42A3-9474-1A3956D46DE8}") = "YomainBaseEntityStruct", "YomainBaseEntityStruct", "{79E25028-FFD0-4303-BB89-04E2BC7CFA91}"
EndProject
Project("{9A19103F-16F7-4668-BE54-9A1E7A4F7556}") = "EntitiesCommon", "EntitiesCommon\EntitiesCommon.csproj", "{D5DD1724-83FB-439D-BFFA-F30473AD157A}"
EndProject
Project("{2150E333-8FDC-42A3-9474-1A3956D46DE8}") = "Solution Items", "Solution Items", "{BF1F23FB-8DC7-4978-920D-B68D1E9EF896}"
	ProjectSection(SolutionItems) = preProject
		.editorconfig = .editorconfig
	EndProjectSection
EndProject
Project("{9A19103F-16F7-4668-BE54-9A1E7A4F7556}") = "DockerService", "DockerService\DockerService.csproj", "{77583D46-EC36-4D25-AB63-29C4764625D8}"
EndProject
Project("{9A19103F-16F7-4668-BE54-9A1E7A4F7556}") = "APIOcelotGetway", "APIOcelotGetway\APIOcelotGetway.csproj", "{1982FEEC-088D-4AF1-B9FD-898A5DC241C7}"
EndProject
Project("{9A19103F-16F7-4668-BE54-9A1E7A4F7556}") = "SPNApplication", "SPNApplication\SPNApplication.csproj", "{0F21227A-F23D-4C3C-981E-3CED916820C1}"
EndProject
Project("{E53339B2-1760-4266-BCC7-CA923CBCF16C}") = "docker-compose", "docker-compose.dcproj", "{4E030BE0-456B-45CE-A89E-B9AAECB70742}"
EndProject
Project("{9A19103F-16F7-4668-BE54-9A1E7A4F7556}") = "Hola.WebAdmin", "Hola.WebAdmin\Hola.WebAdmin.csproj", "{55AF7E82-A273-409B-94C6-4A735D04830A}"
EndProject
Project("{FAE04EC0-301F-11D3-BF4B-00C04F79EFBC}") = "Project.Shared", "..\Project.Shared\Project.Shared.csproj", "{1623D829-1038-4151-8EE5-751D44ABAF5C}"
EndProject
Global
	GlobalSection(SolutionConfigurationPlatforms) = preSolution
		Debug|Any CPU = Debug|Any CPU
		Release|Any CPU = Release|Any CPU
	EndGlobalSection
	GlobalSection(ProjectConfigurationPlatforms) = postSolution
		{120434E6-6698-444E-B658-241450200F2E}.Debug|Any CPU.ActiveCfg = Debug|Any CPU
		{120434E6-6698-444E-B658-241450200F2E}.Debug|Any CPU.Build.0 = Debug|Any CPU
		{120434E6-6698-444E-B658-241450200F2E}.Release|Any CPU.ActiveCfg = Release|Any CPU
		{120434E6-6698-444E-B658-241450200F2E}.Release|Any CPU.Build.0 = Release|Any CPU
		{D1F30AEA-6A0B-4CCE-A4EA-2BAB53341E03}.Debug|Any CPU.ActiveCfg = Debug|Any CPU
		{D1F30AEA-6A0B-4CCE-A4EA-2BAB53341E03}.Debug|Any CPU.Build.0 = Debug|Any CPU
		{D1F30AEA-6A0B-4CCE-A4EA-2BAB53341E03}.Release|Any CPU.ActiveCfg = Release|Any CPU
		{D1F30AEA-6A0B-4CCE-A4EA-2BAB53341E03}.Release|Any CPU.Build.0 = Release|Any CPU
		{D96C4AE9-12EC-4849-A82E-D12CE079BDD4}.Debug|Any CPU.ActiveCfg = Debug|Any CPU
		{D96C4AE9-12EC-4849-A82E-D12CE079BDD4}.Debug|Any CPU.Build.0 = Debug|Any CPU
		{D96C4AE9-12EC-4849-A82E-D12CE079BDD4}.Release|Any CPU.ActiveCfg = Release|Any CPU
		{D96C4AE9-12EC-4849-A82E-D12CE079BDD4}.Release|Any CPU.Build.0 = Release|Any CPU
		{2CAD2823-BB68-4FC6-9D89-01F03A7E1DFE}.Debug|Any CPU.ActiveCfg = Debug|Any CPU
		{2CAD2823-BB68-4FC6-9D89-01F03A7E1DFE}.Debug|Any CPU.Build.0 = Debug|Any CPU
		{2CAD2823-BB68-4FC6-9D89-01F03A7E1DFE}.Release|Any CPU.ActiveCfg = Release|Any CPU
		{2CAD2823-BB68-4FC6-9D89-01F03A7E1DFE}.Release|Any CPU.Build.0 = Release|Any CPU
		{1DF72863-A0AD-49DF-B41C-D0AB596FE8E8}.Debug|Any CPU.ActiveCfg = Debug|Any CPU
		{1DF72863-A0AD-49DF-B41C-D0AB596FE8E8}.Debug|Any CPU.Build.0 = Debug|Any CPU
		{1DF72863-A0AD-49DF-B41C-D0AB596FE8E8}.Release|Any CPU.ActiveCfg = Release|Any CPU
		{1DF72863-A0AD-49DF-B41C-D0AB596FE8E8}.Release|Any CPU.Build.0 = Release|Any CPU
		{D5DD1724-83FB-439D-BFFA-F30473AD157A}.Debug|Any CPU.ActiveCfg = Debug|Any CPU
		{D5DD1724-83FB-439D-BFFA-F30473AD157A}.Debug|Any CPU.Build.0 = Debug|Any CPU
		{D5DD1724-83FB-439D-BFFA-F30473AD157A}.Release|Any CPU.ActiveCfg = Release|Any CPU
		{D5DD1724-83FB-439D-BFFA-F30473AD157A}.Release|Any CPU.Build.0 = Release|Any CPU
		{77583D46-EC36-4D25-AB63-29C4764625D8}.Debug|Any CPU.ActiveCfg = Debug|Any CPU
		{77583D46-EC36-4D25-AB63-29C4764625D8}.Debug|Any CPU.Build.0 = Debug|Any CPU
		{77583D46-EC36-4D25-AB63-29C4764625D8}.Release|Any CPU.ActiveCfg = Release|Any CPU
		{77583D46-EC36-4D25-AB63-29C4764625D8}.Release|Any CPU.Build.0 = Release|Any CPU
		{1982FEEC-088D-4AF1-B9FD-898A5DC241C7}.Debug|Any CPU.ActiveCfg = Debug|Any CPU
		{1982FEEC-088D-4AF1-B9FD-898A5DC241C7}.Debug|Any CPU.Build.0 = Debug|Any CPU
		{1982FEEC-088D-4AF1-B9FD-898A5DC241C7}.Release|Any CPU.ActiveCfg = Release|Any CPU
		{1982FEEC-088D-4AF1-B9FD-898A5DC241C7}.Release|Any CPU.Build.0 = Release|Any CPU
		{0F21227A-F23D-4C3C-981E-3CED916820C1}.Debug|Any CPU.ActiveCfg = Debug|Any CPU
		{0F21227A-F23D-4C3C-981E-3CED916820C1}.Debug|Any CPU.Build.0 = Debug|Any CPU
		{0F21227A-F23D-4C3C-981E-3CED916820C1}.Release|Any CPU.ActiveCfg = Release|Any CPU
		{0F21227A-F23D-4C3C-981E-3CED916820C1}.Release|Any CPU.Build.0 = Release|Any CPU
		{4E030BE0-456B-45CE-A89E-B9AAECB70742}.Debug|Any CPU.ActiveCfg = Debug|Any CPU
		{4E030BE0-456B-45CE-A89E-B9AAECB70742}.Debug|Any CPU.Build.0 = Debug|Any CPU
		{4E030BE0-456B-45CE-A89E-B9AAECB70742}.Release|Any CPU.ActiveCfg = Release|Any CPU
		{4E030BE0-456B-45CE-A89E-B9AAECB70742}.Release|Any CPU.Build.0 = Release|Any CPU
		{55AF7E82-A273-409B-94C6-4A735D04830A}.Debug|Any CPU.ActiveCfg = Debug|Any CPU
		{55AF7E82-A273-409B-94C6-4A735D04830A}.Debug|Any CPU.Build.0 = Debug|Any CPU
		{55AF7E82-A273-409B-94C6-4A735D04830A}.Release|Any CPU.ActiveCfg = Release|Any CPU
		{55AF7E82-A273-409B-94C6-4A735D04830A}.Release|Any CPU.Build.0 = Release|Any CPU
		{1623D829-1038-4151-8EE5-751D44ABAF5C}.Debug|Any CPU.ActiveCfg = Debug|Any CPU
		{1623D829-1038-4151-8EE5-751D44ABAF5C}.Debug|Any CPU.Build.0 = Debug|Any CPU
		{1623D829-1038-4151-8EE5-751D44ABAF5C}.Release|Any CPU.ActiveCfg = Release|Any CPU
		{1623D829-1038-4151-8EE5-751D44ABAF5C}.Release|Any CPU.Build.0 = Release|Any CPU
	EndGlobalSection
	GlobalSection(SolutionProperties) = preSolution
		HideSolutionNode = FALSE
	EndGlobalSection
	GlobalSection(NestedProjects) = preSolution
		{2CAD2823-BB68-4FC6-9D89-01F03A7E1DFE} = {79E25028-FFD0-4303-BB89-04E2BC7CFA91}
		{1DF72863-A0AD-49DF-B41C-D0AB596FE8E8} = {79E25028-FFD0-4303-BB89-04E2BC7CFA91}
		{1623D829-1038-4151-8EE5-751D44ABAF5C} = {79E25028-FFD0-4303-BB89-04E2BC7CFA91}
	EndGlobalSection
	GlobalSection(ExtensibilityGlobals) = postSolution
		SolutionGuid = {4A6CA6BE-40D7-410E-8166-15A8101BE80A}
	EndGlobalSection
EndGlobal
